
Microsoft Visual Studio Solution File, Format Version 12.00
# Visual Studio Version 17
VisualStudioVersion = 17.13.35828.75 d17.13
MinimumVisualStudioVersion = 10.0.40219.1
Project("{FAE04EC0-301F-11D3-BF4B-00C04F79EFBC}") = "MonitorManager", "MonitorManager\MonitorManager.csproj", "{5655807E-FABC-4E3E-B4BC-EC2218B3CBB7}"
EndProject
Global
	GlobalSection(SolutionConfigurationPlatforms) = preSolution
		Debug|Any CPU = Debug|Any CPU
		Release|Any CPU = Release|Any CPU
	EndGlobalSection
	GlobalSection(ProjectConfigurationPlatforms) = postSolution
		{5655807E-FABC-4E3E-B4BC-EC2218B3CBB7}.Debug|Any CPU.ActiveCfg = Debug|Any CPU
		{5655807E-FABC-4E3E-B4BC-EC2218B3CBB7}.Debug|Any CPU.Build.0 = Debug|Any CPU
		{5655807E-FABC-4E3E-B4BC-EC2218B3CBB7}.Release|Any CPU.ActiveCfg = Release|Any CPU
		{5655807E-FABC-4E3E-B4BC-EC2218B3CBB7}.Release|Any CPU.Build.0 = Release|Any CPU
	EndGlobalSection
	GlobalSection(SolutionProperties) = preSolution
		HideSolutionNode = FALSE
	EndGlobalSection
	GlobalSection(ExtensibilityGlobals) = postSolution
		SolutionGuid = {A7AB134F-2309-4616-87A2-AA1D24F94F1E}
	EndGlobalSection
EndGlobal
